
Microsoft Visual Studio Solution File, Format Version 12.00
# Visual Studio Version 16
VisualStudioVersion = 16.0.31112.23
MinimumVisualStudioVersion = 10.0.40219.1
Project("{FAE04EC0-301F-11D3-BF4B-00C04F79EFBC}") = "ErrorHandling", "ErrorHandling\ErrorHandling.csproj", "{1C76693D-A760-4105-A6A9-9600328213B0}"
EndProject
Global
	GlobalSection(SolutionConfigurationPlatforms) = preSolution
		Debug|Any CPU = Debug|Any CPU
		Release|Any CPU = Release|Any CPU
	EndGlobalSection
	GlobalSection(ProjectConfigurationPlatforms) = postSolution
		{1C76693D-A760-4105-A6A9-9600328213B0}.Debug|Any CPU.ActiveCfg = Debug|Any CPU
		{1C76693D-A760-4105-A6A9-9600328213B0}.Debug|Any CPU.Build.0 = Debug|Any CPU
		{1C76693D-A760-4105-A6A9-9600328213B0}.Release|Any CPU.ActiveCfg = Release|Any CPU
		{1C76693D-A760-4105-A6A9-9600328213B0}.Release|Any CPU.Build.0 = Release|Any CPU
	EndGlobalSection
	GlobalSection(SolutionProperties) = preSolution
		HideSolutionNode = FALSE
	EndGlobalSection
	GlobalSection(ExtensibilityGlobals) = postSolution
		SolutionGuid = {2CE5DA0F-65BE-4688-9F4E-7DD0D68B670C}
	EndGlobalSection
EndGlobal
